
Microsoft Visual Studio Solution File, Format Version 12.00
# Visual Studio 15
VisualStudioVersion = 15.0.33423.255
MinimumVisualStudioVersion = 10.0.40219.1
Project("{FAE04EC0-301F-11D3-BF4B-00C04F79EFBC}") = "CSharp_PLC", "CSharp_PLC\CSharp_PLC.csproj", "{F9A9BCF6-A93D-4A45-A4DC-36A633A1FDD6}"
EndProject
Global
	GlobalSection(SolutionConfigurationPlatforms) = preSolution
		Debug|Any CPU = Debug|Any CPU
		Release|Any CPU = Release|Any CPU
	EndGlobalSection
	GlobalSection(ProjectConfigurationPlatforms) = postSolution
		{F9A9BCF6-A93D-4A45-A4DC-36A633A1FDD6}.Debug|Any CPU.ActiveCfg = Debug|Any CPU
		{F9A9BCF6-A93D-4A45-A4DC-36A633A1FDD6}.Debug|Any CPU.Build.0 = Debug|Any CPU
		{F9A9BCF6-A93D-4A45-A4DC-36A633A1FDD6}.Release|Any CPU.ActiveCfg = Release|Any CPU
		{F9A9BCF6-A93D-4A45-A4DC-36A633A1FDD6}.Release|Any CPU.Build.0 = Release|Any CPU
	EndGlobalSection
	GlobalSection(SolutionProperties) = preSolution
		HideSolutionNode = FALSE
	EndGlobalSection
	GlobalSection(ExtensibilityGlobals) = postSolution
		SolutionGuid = {5D7CE5DA-1697-4910-94E9-BC33C52F7179}
	EndGlobalSection
EndGlobal
